
Microsoft Visual Studio Solution File, Format Version 12.00
# Visual Studio 15
VisualStudioVersion = 15.0.28307.271
MinimumVisualStudioVersion = 10.0.40219.1
Project("{FAE04EC0-301F-11D3-BF4B-00C04F79EFBC}") = "SimpleGUI_WPF", "SimpleGUI_WPF\SimpleGUI_WPF.csproj", "{3062BEB9-7BD7-44FC-AB5B-A7260E29556D}"
EndProject
Project("{FAE04EC0-301F-11D3-BF4B-00C04F79EFBC}") = "SimpleGUI_WinForm", "SimpleGUI_WinForm\SimpleGUI_WinForm.csproj", "{514204E1-072C-4E64-A82E-C332BC3F3823}"
EndProject
Global
	GlobalSection(SolutionConfigurationPlatforms) = preSolution
		Debug|Any CPU = Debug|Any CPU
		Release|Any CPU = Release|Any CPU
	EndGlobalSection
	GlobalSection(ProjectConfigurationPlatforms) = postSolution
		{3062BEB9-7BD7-44FC-AB5B-A7260E29556D}.Debug|Any CPU.ActiveCfg = Debug|Any CPU
		{3062BEB9-7BD7-44FC-AB5B-A7260E29556D}.Debug|Any CPU.Build.0 = Debug|Any CPU
		{3062BEB9-7BD7-44FC-AB5B-A7260E29556D}.Release|Any CPU.ActiveCfg = Release|Any CPU
		{3062BEB9-7BD7-44FC-AB5B-A7260E29556D}.Release|Any CPU.Build.0 = Release|Any CPU
		{514204E1-072C-4E64-A82E-C332BC3F3823}.Debug|Any CPU.ActiveCfg = Debug|Any CPU
		{514204E1-072C-4E64-A82E-C332BC3F3823}.Debug|Any CPU.Build.0 = Debug|Any CPU
		{514204E1-072C-4E64-A82E-C332BC3F3823}.Release|Any CPU.ActiveCfg = Release|Any CPU
		{514204E1-072C-4E64-A82E-C332BC3F3823}.Release|Any CPU.Build.0 = Release|Any CPU
	EndGlobalSection
	GlobalSection(SolutionProperties) = preSolution
		HideSolutionNode = FALSE
	EndGlobalSection
	GlobalSection(ExtensibilityGlobals) = postSolution
		SolutionGuid = {77B3AB82-5FBE-4F7A-A7FF-2231D22DDCFA}
	EndGlobalSection
EndGlobal
